// !$*UTF8*$!
{
	archiveVersion = 1;
	classes = {
	};
	objectVersion = 46;
	objects = {

/* Begin PBXBuildFile section */
		C32AF32E1D1C322F00D22543 /* AppDelegate.swift in Sources */ = {isa = PBXBuildFile; fileRef = C32AF32D1D1C322F00D22543 /* AppDelegate.swift */; };
		C32AF3301D1C322F00D22543 /* ViewController.swift in Sources */ = {isa = PBXBuildFile; fileRef = C32AF32F1D1C322F00D22543 /* ViewController.swift */; };
		C32AF3331D1C322F00D22543 /* Main.storyboard in Resources */ = {isa = PBXBuildFile; fileRef = C32AF3311D1C322F00D22543 /* Main.storyboard */; };
		C32AF3361D1C322F00D22543 /* GeoApp.xcdatamodeld in Sources */ = {isa = PBXBuildFile; fileRef = C32AF3341D1C322F00D22543 /* GeoApp.xcdatamodeld */; };
		C32AF3381D1C322F00D22543 /* Assets.xcassets in Resources */ = {isa = PBXBuildFile; fileRef = C32AF3371D1C322F00D22543 /* Assets.xcassets */; };
		C32AF33B1D1C322F00D22543 /* LaunchScreen.storyboard in Resources */ = {isa = PBXBuildFile; fileRef = C32AF3391D1C322F00D22543 /* LaunchScreen.storyboard */; };
		C32AF3501D1CD70400D22543 /* CountryItem.swift in Sources */ = {isa = PBXBuildFile; fileRef = C32AF34F1D1CD70400D22543 /* CountryItem.swift */; };
		C32AF3551D1CD97000D22543 /* Country+CoreDataProperties.swift in Sources */ = {isa = PBXBuildFile; fileRef = C32AF3531D1CD97000D22543 /* Country+CoreDataProperties.swift */; };
		C32AF3561D1CD97000D22543 /* Country.swift in Sources */ = {isa = PBXBuildFile; fileRef = C32AF3541D1CD97000D22543 /* Country.swift */; };
		C32AF3581D1CE70D00D22543 /* data.csv in Resources */ = {isa = PBXBuildFile; fileRef = C32AF3571D1CE70D00D22543 /* data.csv */; };
/* End PBXBuildFile section */

/* Begin PBXFileReference section */
		C32AF32A1D1C322F00D22543 /* GeoApp.app */ = {isa = PBXFileReference; explicitFileType = wrapper.application; includeInIndex = 0; path = GeoApp.app; sourceTree = BUILT_PRODUCTS_DIR; };
		C32AF32D1D1C322F00D22543 /* AppDelegate.swift */ = {isa = PBXFileReference; lastKnownFileType = sourcecode.swift; path = AppDelegate.swift; sourceTree = "<group>"; };
		C32AF32F1D1C322F00D22543 /* ViewController.swift */ = {isa = PBXFileReference; lastKnownFileType = sourcecode.swift; path = ViewController.swift; sourceTree = "<group>"; };
		C32AF3321D1C322F00D22543 /* Base */ = {isa = PBXFileReference; lastKnownFileType = file.storyboard; name = Base; path = Base.lproj/Main.storyboard; sourceTree = "<group>"; };
		C32AF3351D1C322F00D22543 /* GeoApp.xcdatamodel */ = {isa = PBXFileReference; lastKnownFileType = wrapper.xcdatamodel; path = GeoApp.xcdatamodel; sourceTree = "<group>"; };
		C32AF3371D1C322F00D22543 /* Assets.xcassets */ = {isa = PBXFileReference; lastKnownFileType = folder.assetcatalog; path = Assets.xcassets; sourceTree = "<group>"; };
		C32AF33A1D1C322F00D22543 /* Base */ = {isa = PBXFileReference; lastKnownFileType = file.storyboard; name = Base; path = Base.lproj/LaunchScreen.storyboard; sourceTree = "<group>"; };
		C32AF33C1D1C322F00D22543 /* Info.plist */ = {isa = PBXFileReference; lastKnownFileType = text.plist.xml; path = Info.plist; sourceTree = "<group>"; };
		C32AF34F1D1CD70400D22543 /* CountryItem.swift */ = {isa = PBXFileReference; fileEncoding = 4; lastKnownFileType = sourcecode.swift; path = CountryItem.swift; sourceTree = "<group>"; };
		C32AF3531D1CD97000D22543 /* Country+CoreDataProperties.swift */ = {isa = PBXFileReference; fileEncoding = 4; lastKnownFileType = sourcecode.swift; name = "Country+CoreDataProperties.swift"; path = "../Country+CoreDataProperties.swift"; sourceTree = "<group>"; };
		C32AF3541D1CD97000D22543 /* Country.swift */ = {isa = PBXFileReference; fileEncoding = 4; lastKnownFileType = sourcecode.swift; name = Country.swift; path = ../Country.swift; sourceTree = "<group>"; };
		C32AF3571D1CE70D00D22543 /* data.csv */ = {isa = PBXFileReference; fileEncoding = 4; lastKnownFileType = text; path = data.csv; sourceTree = "<group>"; };
/* End PBXFileReference section */

/* Begin PBXFrameworksBuildPhase section */
		C32AF3271D1C322F00D22543 /* Frameworks */ = {
			isa = PBXFrameworksBuildPhase;
			buildActionMask = 2147483647;
			files = (
			);
			runOnlyForDeploymentPostprocessing = 0;
		};
/* End PBXFrameworksBuildPhase section */

/* Begin PBXGroup section */
		C32AF3211D1C322F00D22543 = {
			isa = PBXGroup;
			children = (
				C32AF32C1D1C322F00D22543 /* GeoApp */,
				C32AF32B1D1C322F00D22543 /* Products */,
			);
			sourceTree = "<group>";
		};
		C32AF32B1D1C322F00D22543 /* Products */ = {
			isa = PBXGroup;
			children = (
				C32AF32A1D1C322F00D22543 /* GeoApp.app */,
			);
			name = Products;
			sourceTree = "<group>";
		};
		C32AF32C1D1C322F00D22543 /* GeoApp */ = {
			isa = PBXGroup;
			children = (
				C32AF34D1D1CD4DA00D22543 /* Features */,
				C32AF34A1D1CD46500D22543 /* Model */,
				C32AF34B1D1CD48600D22543 /* User Interface */,
				C32AF34C1D1CD4B800D22543 /* Supporting Files */,
			);
			path = GeoApp;
			sourceTree = "<group>";
		};
		C32AF34A1D1CD46500D22543 /* Model */ = {
			isa = PBXGroup;
			children = (
				C32AF3531D1CD97000D22543 /* Country+CoreDataProperties.swift */,
				C32AF3541D1CD97000D22543 /* Country.swift */,
				C32AF34F1D1CD70400D22543 /* CountryItem.swift */,
			);
			name = Model;
			sourceTree = "<group>";
		};
		C32AF34B1D1CD48600D22543 /* User Interface */ = {
			isa = PBXGroup;
			children = (
				C32AF3311D1C322F00D22543 /* Main.storyboard */,
				C32AF3371D1C322F00D22543 /* Assets.xcassets */,
				C32AF3391D1C322F00D22543 /* LaunchScreen.storyboard */,
			);
			name = "User Interface";
			sourceTree = "<group>";
		};
		C32AF34C1D1CD4B800D22543 /* Supporting Files */ = {
			isa = PBXGroup;
			children = (
				C32AF3571D1CE70D00D22543 /* data.csv */,
				C32AF33C1D1C322F00D22543 /* Info.plist */,
				C32AF3341D1C322F00D22543 /* GeoApp.xcdatamodeld */,
			);
			name = "Supporting Files";
			sourceTree = "<group>";
		};
		C32AF34D1D1CD4DA00D22543 /* Features */ = {
			isa = PBXGroup;
			children = (
				C32AF32D1D1C322F00D22543 /* AppDelegate.swift */,
				C32AF32F1D1C322F00D22543 /* ViewController.swift */,
			);
			name = Features;
			sourceTree = "<group>";
		};
/* End PBXGroup section */

/* Begin PBXNativeTarget section */
		C32AF3291D1C322F00D22543 /* GeoApp */ = {
			isa = PBXNativeTarget;
			buildConfigurationList = C32AF33F1D1C322F00D22543 /* Build configuration list for PBXNativeTarget "GeoApp" */;
			buildPhases = (
				C32AF3261D1C322F00D22543 /* Sources */,
				C32AF3271D1C322F00D22543 /* Frameworks */,
				C32AF3281D1C322F00D22543 /* Resources */,
			);
			buildRules = (
			);
			dependencies = (
			);
			name = GeoApp;
			productName = GeoApp;
			productReference = C32AF32A1D1C322F00D22543 /* GeoApp.app */;
			productType = "com.apple.product-type.application";
		};
/* End PBXNativeTarget section */

/* Begin PBXProject section */
		C32AF3221D1C322F00D22543 /* Project object */ = {
			isa = PBXProject;
			attributes = {
				LastSwiftUpdateCheck = 0730;
				LastUpgradeCheck = 0730;
				ORGANIZATIONNAME = SibinBaby;
				TargetAttributes = {
					C32AF3291D1C322F00D22543 = {
						CreatedOnToolsVersion = 7.3;
					};
				};
			};
			buildConfigurationList = C32AF3251D1C322F00D22543 /* Build configuration list for PBXProject "GeoApp" */;
			compatibilityVersion = "Xcode 3.2";
			developmentRegion = English;
			hasScannedForEncodings = 0;
			knownRegions = (
				en,
				Base,
			);
			mainGroup = C32AF3211D1C322F00D22543;
			productRefGroup = C32AF32B1D1C322F00D22543 /* Products */;
			projectDirPath = "";
			projectRoot = "";
			targets = (
				C32AF3291D1C322F00D22543 /* GeoApp */,
			);
		};
/* End PBXProject section */

/* Begin PBXResourcesBuildPhase section */
		C32AF3281D1C322F00D22543 /* Resources */ = {
			isa = PBXResourcesBuildPhase;
			buildActionMask = 2147483647;
			files = (
				C32AF3581D1CE70D00D22543 /* data.csv in Resources */,
				C32AF33B1D1C322F00D22543 /* LaunchScreen.storyboard in Resources */,
				C32AF3381D1C322F00D22543 /* Assets.xcassets in Resources */,
				C32AF3331D1C322F00D22543 /* Main.storyboard in Resources */,
			);
			runOnlyForDeploymentPostprocessing = 0;
		};
/* End PBXResourcesBuildPhase section */

/* Begin PBXSourcesBuildPhase section */
		C32AF3261D1C322F00D22543 /* Sources */ = {
			isa = PBXSourcesBuildPhase;
			buildActionMask = 2147483647;
			files = (
				C32AF3551D1CD97000D22543 /* Country+CoreDataProperties.swift in Sources */,
				C32AF3361D1C322F00D22543 /* GeoApp.xcdatamodeld in Sources */,
				C32AF3301D1C322F00D22543 /* ViewController.swift in Sources */,
				C32AF32E1D1C322F00D22543 /* AppDelegate.swift in Sources */,
				C32AF3561D1CD97000D22543 /* Country.swift in Sources */,
				C32AF3501D1CD70400D22543 /* CountryItem.swift in Sources */,
			);
			runOnlyForDeploymentPostprocessing = 0;
		};
/* End PBXSourcesBuildPhase section */

/* Begin PBXVariantGroup section */
		C32AF3311D1C322F00D22543 /* Main.storyboard */ = {
			isa = PBXVariantGroup;
			children = (
				C32AF3321D1C322F00D22543 /* Base */,
			);
			name = Main.storyboard;
			sourceTree = "<group>";
		};
		C32AF3391D1C322F00D22543 /* LaunchScreen.storyboard */ = {
			isa = PBXVariantGroup;
			children = (
				C32AF33A1D1C322F00D22543 /* Base */,
			);
			name = LaunchScreen.storyboard;
			sourceTree = "<group>";
		};
/* End PBXVariantGroup section */

/* Begin XCBuildConfiguration section */
		C32AF33D1D1C322F00D22543 /* Debug */ = {
			isa = XCBuildConfiguration;
			buildSettings = {
				ALWAYS_SEARCH_USER_PATHS = NO;
				CLANG_ANALYZER_NONNULL = YES;
				CLANG_CXX_LANGUAGE_STANDARD = "gnu++0x";
				CLANG_CXX_LIBRARY = "libc++";
				CLANG_ENABLE_MODULES = YES;
				CLANG_ENABLE_OBJC_ARC = YES;
				CLANG_WARN_BOOL_CONVERSION = YES;
				CLANG_WARN_CONSTANT_CONVERSION = YES;
				CLANG_WARN_DIRECT_OBJC_ISA_USAGE = YES_ERROR;
				CLANG_WARN_EMPTY_BODY = YES;
				CLANG_WARN_ENUM_CONVERSION = YES;
				CLANG_WARN_INT_CONVERSION = YES;
				CLANG_WARN_OBJC_ROOT_CLASS = YES_ERROR;
				CLANG_WARN_UNREACHABLE_CODE = YES;
				CLANG_WARN__DUPLICATE_METHOD_MATCH = YES;
				"CODE_SIGN_IDENTITY[sdk=iphoneos*]" = "iPhone Developer";
				COPY_PHASE_STRIP = NO;
				DEBUG_INFORMATION_FORMAT = dwarf;
				ENABLE_STRICT_OBJC_MSGSEND = YES;
				ENABLE_TESTABILITY = YES;
				GCC_C_LANGUAGE_STANDARD = gnu99;
				GCC_DYNAMIC_NO_PIC = NO;
				GCC_NO_COMMON_BLOCKS = YES;
				GCC_OPTIMIZATION_LEVEL = 0;
				GCC_PREPROCESSOR_DEFINITIONS = (
					"DEBUG=1",
					"$(inherited)",
				);
				GCC_WARN_64_TO_32_BIT_CONVERSION = YES;
				GCC_WARN_ABOUT_RETURN_TYPE = YES_ERROR;
				GCC_WARN_UNDECLARED_SELECTOR = YES;
				GCC_WARN_UNINITIALIZED_AUTOS = YES_AGGRESSIVE;
				GCC_WARN_UNUSED_FUNCTION = YES;
				GCC_WARN_UNUSED_VARIABLE = YES;
				IPHONEOS_DEPLOYMENT_TARGET = 9.0;
				MTL_ENABLE_DEBUG_INFO = YES;
				ONLY_ACTIVE_ARCH = YES;
				SDKROOT = iphoneos;
				SWIFT_OPTIMIZATION_LEVEL = "-Onone";
				TARGETED_DEVICE_FAMILY = "1,2";
			};
			name = Debug;
		};
		C32AF33E1D1C322F00D22543 /* Release */ = {
			isa = XCBuildConfiguration;
			buildSettings = {
				ALWAYS_SEARCH_USER_PATHS = NO;
				CLANG_ANALYZER_NONNULL = YES;
				CLANG_CXX_LANGUAGE_STANDARD = "gnu++0x";
				CLANG_CXX_LIBRARY = "libc++";
				CLANG_ENABLE_MODULES = YES;
				CLANG_ENABLE_OBJC_ARC = YES;
				CLANG_WARN_BOOL_CONVERSION = YES;
				CLANG_WARN_CONSTANT_CONVERSION = YES;
				CLANG_WARN_DIRECT_OBJC_ISA_USAGE = YES_ERROR;
				CLANG_WARN_EMPTY_BODY = YES;
				CLANG_WARN_ENUM_CONVERSION = YES;
				CLANG_WARN_INT_CONVERSION = YES;
				CLANG_WARN_OBJC_ROOT_CLASS = YES_ERROR;
				CLANG_WARN_UNREACHABLE_CODE = YES;
				CLANG_WARN__DUPLICATE_METHOD_MATCH = YES;
				"CODE_SIGN_IDENTITY[sdk=iphoneos*]" = "iPhone Developer";
				COPY_PHASE_STRIP = NO;
				DEBUG_INFORMATION_FORMAT = "dwarf-with-dsym";
				ENABLE_NS_ASSERTIONS = NO;
				ENABLE_STRICT_OBJC_MSGSEND = YES;
				GCC_C_LANGUAGE_STANDARD = gnu99;
				GCC_NO_COMMON_BLOCKS = YES;
				GCC_WARN_64_TO_32_BIT_CONVERSION = YES;
				GCC_WARN_ABOUT_RETURN_TYPE = YES_ERROR;
				GCC_WARN_UNDECLARED_SELECTOR = YES;
				GCC_WARN_UNINITIALIZED_AUTOS = YES_AGGRESSIVE;
				GCC_WARN_UNUSED_FUNCTION = YES;
				GCC_WARN_UNUSED_VARIABLE = YES;
				IPHONEOS_DEPLOYMENT_TARGET = 9.0;
				MTL_ENABLE_DEBUG_INFO = NO;
				SDKROOT = iphoneos;
				TARGETED_DEVICE_FAMILY = "1,2";
				VALIDATE_PRODUCT = YES;
			};
			name = Release;
		};
		C32AF3401D1C322F00D22543 /* Debug */ = {
			isa = XCBuildConfiguration;
			buildSettings = {
				ASSETCATALOG_COMPILER_APPICON_NAME = AppIcon;
				INFOPLIST_FILE = GeoApp/Info.plist;
				LD_RUNPATH_SEARCH_PATHS = "$(inherited) @executable_path/Frameworks";
				PRODUCT_BUNDLE_IDENTIFIER = com.sibinbk.GeoApp;
				PRODUCT_NAME = "$(TARGET_NAME)";
			};
			name = Debug;
		};
		C32AF3411D1C322F00D22543 /* Release */ = {
			isa = XCBuildConfiguration;
			buildSettings = {
				ASSETCATALOG_COMPILER_APPICON_NAME = AppIcon;
				INFOPLIST_FILE = GeoApp/Info.plist;
				LD_RUNPATH_SEARCH_PATHS = "$(inherited) @executable_path/Frameworks";
				PRODUCT_BUNDLE_IDENTIFIER = com.sibinbk.GeoApp;
				PRODUCT_NAME = "$(TARGET_NAME)";
			};
			name = Release;
		};
/* End XCBuildConfiguration section */

/* Begin XCConfigurationList section */
		C32AF3251D1C322F00D22543 /* Build configuration list for PBXProject "GeoApp" */ = {
			isa = XCConfigurationList;
			buildConfigurations = (
				C32AF33D1D1C322F00D22543 /* Debug */,
				C32AF33E1D1C322F00D22543 /* Release */,
			);
			defaultConfigurationIsVisible = 0;
			defaultConfigurationName = Release;
		};
		C32AF33F1D1C322F00D22543 /* Build configuration list for PBXNativeTarget "GeoApp" */ = {
			isa = XCConfigurationList;
			buildConfigurations = (
				C32AF3401D1C322F00D22543 /* Debug */,
				C32AF3411D1C322F00D22543 /* Release */,
			);
			defaultConfigurationIsVisible = 0;
		};
/* End XCConfigurationList section */

/* Begin XCVersionGroup section */
		C32AF3341D1C322F00D22543 /* GeoApp.xcdatamodeld */ = {
			isa = XCVersionGroup;
			children = (
				C32AF3351D1C322F00D22543 /* GeoApp.xcdatamodel */,
			);
			currentVersion = C32AF3351D1C322F00D22543 /* GeoApp.xcdatamodel */;
			path = GeoApp.xcdatamodeld;
			sourceTree = "<group>";
			versionGroupType = wrapper.xcdatamodel;
		};
/* End XCVersionGroup section */
	};
	rootObject = C32AF3221D1C322F00D22543 /* Project object */;
}
